### YamlMime:ManagedReference
items:
- uid: Microsoft.JScript.Block
  id: Block
  children: []
  langs:
  - csharp
  name: Block
  nameWithType: Block
  fullName: Microsoft.JScript.Block
  type: Class
  summary: "Rappresenta un blocco in JScript. Questa classe viene utilizzata principalmente per la <xref href=&quot;Microsoft.JScript.JSParser&quot;> </xref> per creare oggetti di blocco durante l&quot;analisi codice. Questa classe appartiene alla categoria dell&quot;albero sintattico astratto."
  syntax:
    content: 'public sealed class Block : Microsoft.JScript.AST'
  inheritance:
  - System.Object
  - Microsoft.JScript.AST
  implements: []
  inheritedMembers: []
  platform:
  - net462
references:
- uid: Microsoft.JScript.AST
  isExternal: false
  name: Microsoft.JScript.AST
