### YamlMime:ManagedReference
items:
- uid: Microsoft.JScript.ScriptBlock
  id: ScriptBlock
  children: []
  langs:
  - csharp
  name: ScriptBlock
  nameWithType: ScriptBlock
  fullName: Microsoft.JScript.ScriptBlock
  type: Class
  summary: "Rappresenta un blocco di codice JScript. Questa classe appartiene alla categoria dell&quot;albero sintattico astratto."
  syntax:
    content: 'public class ScriptBlock : Microsoft.JScript.AST'
  inheritance:
  - System.Object
  - Microsoft.JScript.AST
  implements: []
  inheritedMembers: []
  platform:
  - net462
references:
- uid: Microsoft.JScript.AST
  isExternal: false
  name: Microsoft.JScript.AST
