### YamlMime:ManagedReference
items:
- uid: System.Windows.Media.Animation.AnimationClock
  id: AnimationClock
  children:
  - System.Windows.Media.Animation.AnimationClock.#ctor(System.Windows.Media.Animation.AnimationTimeline)
  - System.Windows.Media.Animation.AnimationClock.GetCurrentValue(System.Object,System.Object)
  - System.Windows.Media.Animation.AnimationClock.Timeline
  langs:
  - csharp
  name: AnimationClock
  nameWithType: AnimationClock
  fullName: System.Windows.Media.Animation.AnimationClock
  type: Class
  summary: "Mantiene lo stato in fase di esecuzione di un <xref href=&quot;System.Windows.Media.Animation.AnimationTimeline&quot;> </xref> ed elabora i valori di output."
  remarks: "Gli oggetti AnimationClock vengono generati da <xref:System.Windows.Media.Animation.AnimationTimeline>oggetti.</xref:System.Windows.Media.Animation.AnimationTimeline> Un <xref:System.Windows.Media.Animation.AnimationTimeline>descrive i valori di output di un&quot;animazione, la durata, un&quot;ora di inizio, fine tempo e altre informazioni fondamentali sull&quot;animazione.</xref:System.Windows.Media.Animation.AnimationTimeline> Un oggetto AnimationClock elabora i valori dell&quot;animazione descritti da un <xref:System.Windows.Media.Animation.AnimationTimeline>oggetto.</xref:System.Windows.Media.Animation.AnimationTimeline>"
  syntax:
    content: 'public class AnimationClock : System.Windows.Media.Animation.Clock'
  inheritance:
  - System.Object
  - System.Windows.Threading.DispatcherObject
  - System.Windows.Media.Animation.Clock
  implements: []
  inheritedMembers:
  - System.Windows.Media.Animation.Clock.Completed
  - System.Windows.Media.Animation.Clock.Controller
  - System.Windows.Media.Animation.Clock.CurrentGlobalSpeed
  - System.Windows.Media.Animation.Clock.CurrentGlobalSpeedInvalidated
  - System.Windows.Media.Animation.Clock.CurrentGlobalTime
  - System.Windows.Media.Animation.Clock.CurrentIteration
  - System.Windows.Media.Animation.Clock.CurrentProgress
  - System.Windows.Media.Animation.Clock.CurrentState
  - System.Windows.Media.Animation.Clock.CurrentStateInvalidated
  - System.Windows.Media.Animation.Clock.CurrentTime
  - System.Windows.Media.Animation.Clock.CurrentTimeInvalidated
  - System.Windows.Media.Animation.Clock.DiscontinuousTimeMovement
  - System.Windows.Media.Animation.Clock.GetCanSlip
  - System.Windows.Media.Animation.Clock.GetCurrentTimeCore
  - System.Windows.Media.Animation.Clock.HasControllableRoot
  - System.Windows.Media.Animation.Clock.IsPaused
  - System.Windows.Media.Animation.Clock.NaturalDuration
  - System.Windows.Media.Animation.Clock.Parent
  - System.Windows.Media.Animation.Clock.RemoveRequested
  - System.Windows.Media.Animation.Clock.SpeedChanged
  - System.Windows.Media.Animation.Clock.Stopped
  - System.Windows.Threading.DispatcherObject.CheckAccess
  - System.Windows.Threading.DispatcherObject.Dispatcher
  - System.Windows.Threading.DispatcherObject.VerifyAccess
  platform:
  - net462
- uid: System.Windows.Media.Animation.AnimationClock.#ctor(System.Windows.Media.Animation.AnimationTimeline)
  id: '#ctor(System.Windows.Media.Animation.AnimationTimeline)'
  parent: System.Windows.Media.Animation.AnimationClock
  langs:
  - csharp
  name: AnimationClock(AnimationTimeline)
  nameWithType: AnimationClock.AnimationClock(AnimationTimeline)
  fullName: System.Windows.Media.Animation.AnimationClock.AnimationClock(AnimationTimeline)
  type: Constructor
  assemblies:
  - PresentationCore
  namespace: System.Windows.Media.Animation
  summary: "Inizializza una nuova istanza di <xref href=&quot;System.Windows.Media.Animation.AnimationClock&quot;> </xref> classe."
  syntax:
    content: protected AnimationClock (System.Windows.Media.Animation.AnimationTimeline animation);
    parameters:
    - id: animation
      type: System.Windows.Media.Animation.AnimationTimeline
      description: "Animazione che descrive il clock di output di valori e comportamenti di temporizzazione."
  overload: System.Windows.Media.Animation.AnimationClock.#ctor*
  exceptions: []
  platform:
  - net462
- uid: System.Windows.Media.Animation.AnimationClock.GetCurrentValue(System.Object,System.Object)
  id: GetCurrentValue(System.Object,System.Object)
  parent: System.Windows.Media.Animation.AnimationClock
  langs:
  - csharp
  name: GetCurrentValue(Object,Object)
  nameWithType: AnimationClock.GetCurrentValue(Object,Object)
  fullName: System.Windows.Media.Animation.AnimationClock.GetCurrentValue(Object,Object)
  type: Method
  assemblies:
  - PresentationCore
  namespace: System.Windows.Media.Animation
  summary: "Ottiene il valore di output corrente di <xref href=&quot;System.Windows.Media.Animation.AnimationClock&quot;> </xref>."
  syntax:
    content: public object GetCurrentValue (object defaultOriginValue, object defaultDestinationValue);
    parameters:
    - id: defaultOriginValue
      type: System.Object
      description: "Il valore di origine in base all&quot;orologio se l&quot;animazione non ha un valore iniziale. Se questo clock è il primo in una catena di composizione che sarà il valore di base della proprietà che viene animata; in caso contrario sarà il valore restituito dall&quot;orologio del precedente nella catena"
    - id: defaultDestinationValue
      type: System.Object
      description: "Il valore di destinazione fornito al clock se l&quot;animazione non ha un valore di destinazione. Se questo clock è il primo in una catena di composizione che sarà il valore di base della proprietà che viene animata; in caso contrario sarà il valore restituito dall&quot;orologio del precedente nella catena"
    return:
      type: System.Object
      description: "Il valore corrente di questo <xref href=&quot;System.Windows.Media.Animation.AnimationClock&quot;> </xref>."
  overload: System.Windows.Media.Animation.AnimationClock.GetCurrentValue*
  exceptions: []
  platform:
  - net462
- uid: System.Windows.Media.Animation.AnimationClock.Timeline
  id: Timeline
  parent: System.Windows.Media.Animation.AnimationClock
  langs:
  - csharp
  name: Timeline
  nameWithType: AnimationClock.Timeline
  fullName: System.Windows.Media.Animation.AnimationClock.Timeline
  type: Property
  assemblies:
  - PresentationCore
  namespace: System.Windows.Media.Animation
  summary: "Ottiene il <xref href=&quot;System.Windows.Media.Animation.AnimationTimeline&quot;> </xref> che descrive il comportamento del clock."
  syntax:
    content: public System.Windows.Media.Animation.AnimationTimeline Timeline { get; }
    return:
      type: System.Windows.Media.Animation.AnimationTimeline
      description: "Animazione che descrive il comportamento del clock."
  overload: System.Windows.Media.Animation.AnimationClock.Timeline*
  exceptions: []
  platform:
  - net462
references:
- uid: System.Windows.Media.Animation.Clock
  isExternal: false
  name: System.Windows.Media.Animation.Clock
- uid: System.Windows.Media.Animation.AnimationClock.#ctor(System.Windows.Media.Animation.AnimationTimeline)
  parent: System.Windows.Media.Animation.AnimationClock
  isExternal: false
  name: AnimationClock(AnimationTimeline)
  nameWithType: AnimationClock.AnimationClock(AnimationTimeline)
  fullName: System.Windows.Media.Animation.AnimationClock.AnimationClock(AnimationTimeline)
- uid: System.Windows.Media.Animation.AnimationTimeline
  parent: System.Windows.Media.Animation
  isExternal: false
  name: AnimationTimeline
  nameWithType: AnimationTimeline
  fullName: System.Windows.Media.Animation.AnimationTimeline
- uid: System.Windows.Media.Animation.AnimationClock.GetCurrentValue(System.Object,System.Object)
  parent: System.Windows.Media.Animation.AnimationClock
  isExternal: false
  name: GetCurrentValue(Object,Object)
  nameWithType: AnimationClock.GetCurrentValue(Object,Object)
  fullName: System.Windows.Media.Animation.AnimationClock.GetCurrentValue(Object,Object)
- uid: System.Object
  parent: System
  isExternal: true
  name: Object
  nameWithType: Object
  fullName: System.Object
- uid: System.Windows.Media.Animation.AnimationClock.Timeline
  parent: System.Windows.Media.Animation.AnimationClock
  isExternal: false
  name: Timeline
  nameWithType: AnimationClock.Timeline
  fullName: System.Windows.Media.Animation.AnimationClock.Timeline
- uid: System.Windows.Media.Animation.AnimationClock.#ctor*
  parent: System.Windows.Media.Animation.AnimationClock
  isExternal: false
  name: AnimationClock
  nameWithType: AnimationClock.AnimationClock
- uid: System.Windows.Media.Animation.AnimationClock.GetCurrentValue*
  parent: System.Windows.Media.Animation.AnimationClock
  isExternal: false
  name: GetCurrentValue
  nameWithType: AnimationClock.GetCurrentValue
- uid: System.Windows.Media.Animation.AnimationClock.Timeline*
  parent: System.Windows.Media.Animation.AnimationClock
  isExternal: false
  name: Timeline
  nameWithType: AnimationClock.Timeline
